// !$*UTF8*$!
{
	archiveVersion = 1;
	classes = {
	};
	objectVersion = 46;
	objects = {

/* Begin PBXBuildFile section */
		635CFCD5176FF00500C8D4CC /* Foundation.framework in Frameworks */ = {isa = PBXBuildFile; fileRef = 635CFCD4176FF00500C8D4CC /* Foundation.framework */; };
		635CFCD7176FF00500C8D4CC /* CoreGraphics.framework in Frameworks */ = {isa = PBXBuildFile; fileRef = 635CFCD6176FF00500C8D4CC /* CoreGraphics.framework */; };
		635CFCD9176FF00500C8D4CC /* UIKit.framework in Frameworks */ = {isa = PBXBuildFile; fileRef = 635CFCD8176FF00500C8D4CC /* UIKit.framework */; };
		635CFCDF176FF00500C8D4CC /* InfoPlist.strings in Resources */ = {isa = PBXBuildFile; fileRef = 635CFCDD176FF00500C8D4CC /* InfoPlist.strings */; };
		635CFCE1176FF00500C8D4CC /* main.m in Sources */ = {isa = PBXBuildFile; fileRef = 635CFCE0176FF00500C8D4CC /* main.m */; };
		635CFCE5176FF00500C8D4CC /* AppDelegate.m in Sources */ = {isa = PBXBuildFile; fileRef = 635CFCE4176FF00500C8D4CC /* AppDelegate.m */; };
		635CFCE8176FF00500C8D4CC /* Main.storyboard in Resources */ = {isa = PBXBuildFile; fileRef = 635CFCE6176FF00500C8D4CC /* Main.storyboard */; };
		635CFCEB176FF00500C8D4CC /* FirstViewController.m in Sources */ = {isa = PBXBuildFile; fileRef = 635CFCEA176FF00500C8D4CC /* FirstViewController.m */; };
		635CFCEE176FF00500C8D4CC /* SecondViewController.m in Sources */ = {isa = PBXBuildFile; fileRef = 635CFCED176FF00500C8D4CC /* SecondViewController.m */; };
		635CFCF0176FF00500C8D4CC /* Images.xcassets in Resources */ = {isa = PBXBuildFile; fileRef = 635CFCEF176FF00500C8D4CC /* Images.xcassets */; };
		635CFCF7176FF00500C8D4CC /* XCTest.framework in Frameworks */ = {isa = PBXBuildFile; fileRef = 635CFCF6176FF00500C8D4CC /* XCTest.framework */; };
		635CFCF8176FF00500C8D4CC /* Foundation.framework in Frameworks */ = {isa = PBXBuildFile; fileRef = 635CFCD4176FF00500C8D4CC /* Foundation.framework */; };
		635CFCF9176FF00500C8D4CC /* UIKit.framework in Frameworks */ = {isa = PBXBuildFile; fileRef = 635CFCD8176FF00500C8D4CC /* UIKit.framework */; };
		635CFD01176FF00500C8D4CC /* InfoPlist.strings in Resources */ = {isa = PBXBuildFile; fileRef = 635CFCFF176FF00500C8D4CC /* InfoPlist.strings */; };
		635CFD03176FF00500C8D4CC /* KeylessTests.m in Sources */ = {isa = PBXBuildFile; fileRef = 635CFD02176FF00500C8D4CC /* KeylessTests.m */; };
/* End PBXBuildFile section */

/* Begin PBXContainerItemProxy section */
		635CFCFA176FF00500C8D4CC /* PBXContainerItemProxy */ = {
			isa = PBXContainerItemProxy;
			containerPortal = 635CFCC9176FF00500C8D4CC /* Project object */;
			proxyType = 1;
			remoteGlobalIDString = 635CFCD0176FF00500C8D4CC;
			remoteInfo = Keyless;
		};
/* End PBXContainerItemProxy section */

/* Begin PBXFileReference section */
		635CFCD1176FF00500C8D4CC /* Keyless.app */ = {isa = PBXFileReference; explicitFileType = wrapper.application; includeInIndex = 0; path = Keyless.app; sourceTree = BUILT_PRODUCTS_DIR; };
		635CFCD4176FF00500C8D4CC /* Foundation.framework */ = {isa = PBXFileReference; lastKnownFileType = wrapper.framework; name = Foundation.framework; path = System/Library/Frameworks/Foundation.framework; sourceTree = SDKROOT; };
		635CFCD6176FF00500C8D4CC /* CoreGraphics.framework */ = {isa = PBXFileReference; lastKnownFileType = wrapper.framework; name = CoreGraphics.framework; path = System/Library/Frameworks/CoreGraphics.framework; sourceTree = SDKROOT; };
		635CFCD8176FF00500C8D4CC /* UIKit.framework */ = {isa = PBXFileReference; lastKnownFileType = wrapper.framework; name = UIKit.framework; path = System/Library/Frameworks/UIKit.framework; sourceTree = SDKROOT; };
		635CFCDC176FF00500C8D4CC /* Keyless-Info.plist */ = {isa = PBXFileReference; lastKnownFileType = text.plist.xml; path = "Keyless-Info.plist"; sourceTree = "<group>"; };
		635CFCDE176FF00500C8D4CC /* en */ = {isa = PBXFileReference; lastKnownFileType = text.plist.strings; name = en; path = en.lproj/InfoPlist.strings; sourceTree = "<group>"; };
		635CFCE0176FF00500C8D4CC /* main.m */ = {isa = PBXFileReference; lastKnownFileType = sourcecode.c.objc; path = main.m; sourceTree = "<group>"; };
		635CFCE2176FF00500C8D4CC /* Keyless-Prefix.pch */ = {isa = PBXFileReference; lastKnownFileType = sourcecode.c.h; path = "Keyless-Prefix.pch"; sourceTree = "<group>"; };
		635CFCE3176FF00500C8D4CC /* AppDelegate.h */ = {isa = PBXFileReference; lastKnownFileType = sourcecode.c.h; path = AppDelegate.h; sourceTree = "<group>"; };
		635CFCE4176FF00500C8D4CC /* AppDelegate.m */ = {isa = PBXFileReference; lastKnownFileType = sourcecode.c.objc; path = AppDelegate.m; sourceTree = "<group>"; };
		635CFCE7176FF00500C8D4CC /* Base */ = {isa = PBXFileReference; lastKnownFileType = file.storyboard; name = Base; path = Base.lproj/Main.storyboard; sourceTree = "<group>"; };
		635CFCE9176FF00500C8D4CC /* FirstViewController.h */ = {isa = PBXFileReference; lastKnownFileType = sourcecode.c.h; path = FirstViewController.h; sourceTree = "<group>"; };
		635CFCEA176FF00500C8D4CC /* FirstViewController.m */ = {isa = PBXFileReference; lastKnownFileType = sourcecode.c.objc; path = FirstViewController.m; sourceTree = "<group>"; };
		635CFCEC176FF00500C8D4CC /* SecondViewController.h */ = {isa = PBXFileReference; lastKnownFileType = sourcecode.c.h; path = SecondViewController.h; sourceTree = "<group>"; };
		635CFCED176FF00500C8D4CC /* SecondViewController.m */ = {isa = PBXFileReference; lastKnownFileType = sourcecode.c.objc; path = SecondViewController.m; sourceTree = "<group>"; };
		635CFCEF176FF00500C8D4CC /* Images.xcassets */ = {isa = PBXFileReference; lastKnownFileType = folder.assetcatalog; path = Images.xcassets; sourceTree = "<group>"; };
		635CFCF5176FF00500C8D4CC /* KeylessTests.xctest */ = {isa = PBXFileReference; explicitFileType = wrapper.cfbundle; includeInIndex = 0; path = KeylessTests.xctest; sourceTree = BUILT_PRODUCTS_DIR; };
		635CFCF6176FF00500C8D4CC /* XCTest.framework */ = {isa = PBXFileReference; lastKnownFileType = wrapper.framework; name = XCTest.framework; path = Library/Frameworks/XCTest.framework; sourceTree = DEVELOPER_DIR; };
		635CFCFE176FF00500C8D4CC /* KeylessTests-Info.plist */ = {isa = PBXFileReference; lastKnownFileType = text.plist.xml; path = "KeylessTests-Info.plist"; sourceTree = "<group>"; };
		635CFD00176FF00500C8D4CC /* en */ = {isa = PBXFileReference; lastKnownFileType = text.plist.strings; name = en; path = en.lproj/InfoPlist.strings; sourceTree = "<group>"; };
		635CFD02176FF00500C8D4CC /* KeylessTests.m */ = {isa = PBXFileReference; lastKnownFileType = sourcecode.c.objc; path = KeylessTests.m; sourceTree = "<group>"; };
/* End PBXFileReference section */

/* Begin PBXFrameworksBuildPhase section */
		635CFCCE176FF00500C8D4CC /* Frameworks */ = {
			isa = PBXFrameworksBuildPhase;
			buildActionMask = 2147483647;
			files = (
				635CFCD7176FF00500C8D4CC /* CoreGraphics.framework in Frameworks */,
				635CFCD9176FF00500C8D4CC /* UIKit.framework in Frameworks */,
				635CFCD5176FF00500C8D4CC /* Foundation.framework in Frameworks */,
			);
			runOnlyForDeploymentPostprocessing = 0;
		};
		635CFCF2176FF00500C8D4CC /* Frameworks */ = {
			isa = PBXFrameworksBuildPhase;
			buildActionMask = 2147483647;
			files = (
				635CFCF7176FF00500C8D4CC /* XCTest.framework in Frameworks */,
				635CFCF9176FF00500C8D4CC /* UIKit.framework in Frameworks */,
				635CFCF8176FF00500C8D4CC /* Foundation.framework in Frameworks */,
			);
			runOnlyForDeploymentPostprocessing = 0;
		};
/* End PBXFrameworksBuildPhase section */

/* Begin PBXGroup section */
		635CFCC8176FF00500C8D4CC = {
			isa = PBXGroup;
			children = (
				635CFCDA176FF00500C8D4CC /* Keyless */,
				635CFCFC176FF00500C8D4CC /* KeylessTests */,
				635CFCD3176FF00500C8D4CC /* Frameworks */,
				635CFCD2176FF00500C8D4CC /* Products */,
			);
			sourceTree = "<group>";
		};
		635CFCD2176FF00500C8D4CC /* Products */ = {
			isa = PBXGroup;
			children = (
				635CFCD1176FF00500C8D4CC /* Keyless.app */,
				635CFCF5176FF00500C8D4CC /* KeylessTests.xctest */,
			);
			name = Products;
			sourceTree = "<group>";
		};
		635CFCD3176FF00500C8D4CC /* Frameworks */ = {
			isa = PBXGroup;
			children = (
				635CFCD4176FF00500C8D4CC /* Foundation.framework */,
				635CFCD6176FF00500C8D4CC /* CoreGraphics.framework */,
				635CFCD8176FF00500C8D4CC /* UIKit.framework */,
				635CFCF6176FF00500C8D4CC /* XCTest.framework */,
			);
			name = Frameworks;
			sourceTree = "<group>";
		};
		635CFCDA176FF00500C8D4CC /* Keyless */ = {
			isa = PBXGroup;
			children = (
				635CFCE3176FF00500C8D4CC /* AppDelegate.h */,
				635CFCE4176FF00500C8D4CC /* AppDelegate.m */,
				635CFCE6176FF00500C8D4CC /* Main.storyboard */,
				635CFCE9176FF00500C8D4CC /* FirstViewController.h */,
				635CFCEA176FF00500C8D4CC /* FirstViewController.m */,
				635CFCEC176FF00500C8D4CC /* SecondViewController.h */,
				635CFCED176FF00500C8D4CC /* SecondViewController.m */,
				635CFCEF176FF00500C8D4CC /* Images.xcassets */,
				635CFCDB176FF00500C8D4CC /* Supporting Files */,
			);
			path = Keyless;
			sourceTree = "<group>";
		};
		635CFCDB176FF00500C8D4CC /* Supporting Files */ = {
			isa = PBXGroup;
			children = (
				635CFCDC176FF00500C8D4CC /* Keyless-Info.plist */,
				635CFCDD176FF00500C8D4CC /* InfoPlist.strings */,
				635CFCE0176FF00500C8D4CC /* main.m */,
				635CFCE2176FF00500C8D4CC /* Keyless-Prefix.pch */,
			);
			name = "Supporting Files";
			sourceTree = "<group>";
		};
		635CFCFC176FF00500C8D4CC /* KeylessTests */ = {
			isa = PBXGroup;
			children = (
				635CFD02176FF00500C8D4CC /* KeylessTests.m */,
				635CFCFD176FF00500C8D4CC /* Supporting Files */,
			);
			path = KeylessTests;
			sourceTree = "<group>";
		};
		635CFCFD176FF00500C8D4CC /* Supporting Files */ = {
			isa = PBXGroup;
			children = (
				635CFCFE176FF00500C8D4CC /* KeylessTests-Info.plist */,
				635CFCFF176FF00500C8D4CC /* InfoPlist.strings */,
			);
			name = "Supporting Files";
			sourceTree = "<group>";
		};
/* End PBXGroup section */

/* Begin PBXNativeTarget section */
		635CFCD0176FF00500C8D4CC /* Keyless */ = {
			isa = PBXNativeTarget;
			buildConfigurationList = 635CFD06176FF00500C8D4CC /* Build configuration list for PBXNativeTarget "Keyless" */;
			buildPhases = (
				635CFCCD176FF00500C8D4CC /* Sources */,
				635CFCCE176FF00500C8D4CC /* Frameworks */,
				635CFCCF176FF00500C8D4CC /* Resources */,
			);
			buildRules = (
			);
			dependencies = (
			);
			name = Keyless;
			productName = Keyless;
			productReference = 635CFCD1176FF00500C8D4CC /* Keyless.app */;
			productType = "com.apple.product-type.application";
		};
		635CFCF4176FF00500C8D4CC /* KeylessTests */ = {
			isa = PBXNativeTarget;
			buildConfigurationList = 635CFD09176FF00500C8D4CC /* Build configuration list for PBXNativeTarget "KeylessTests" */;
			buildPhases = (
				635CFCF1176FF00500C8D4CC /* Sources */,
				635CFCF2176FF00500C8D4CC /* Frameworks */,
				635CFCF3176FF00500C8D4CC /* Resources */,
			);
			buildRules = (
			);
			dependencies = (
				635CFCFB176FF00500C8D4CC /* PBXTargetDependency */,
			);
			name = KeylessTests;
			productName = KeylessTests;
			productReference = 635CFCF5176FF00500C8D4CC /* KeylessTests.xctest */;
			productType = "com.apple.product-type.bundle.unit-test";
		};
/* End PBXNativeTarget section */

/* Begin PBXProject section */
		635CFCC9176FF00500C8D4CC /* Project object */ = {
			isa = PBXProject;
			attributes = {
				LastUpgradeCheck = 0500;
				ORGANIZATIONNAME = "David Mazza";
				TargetAttributes = {
					635CFCF4176FF00500C8D4CC = {
						TestTargetID = 635CFCD0176FF00500C8D4CC;
					};
				};
			};
			buildConfigurationList = 635CFCCC176FF00500C8D4CC /* Build configuration list for PBXProject "Keyless" */;
			compatibilityVersion = "Xcode 3.2";
			developmentRegion = English;
			hasScannedForEncodings = 0;
			knownRegions = (
				en,
				Base,
			);
			mainGroup = 635CFCC8176FF00500C8D4CC;
			productRefGroup = 635CFCD2176FF00500C8D4CC /* Products */;
			projectDirPath = "";
			projectRoot = "";
			targets = (
				635CFCD0176FF00500C8D4CC /* Keyless */,
				635CFCF4176FF00500C8D4CC /* KeylessTests */,
			);
		};
/* End PBXProject section */

/* Begin PBXResourcesBuildPhase section */
		635CFCCF176FF00500C8D4CC /* Resources */ = {
			isa = PBXResourcesBuildPhase;
			buildActionMask = 2147483647;
			files = (
				635CFCF0176FF00500C8D4CC /* Images.xcassets in Resources */,
				635CFCDF176FF00500C8D4CC /* InfoPlist.strings in Resources */,
				635CFCE8176FF00500C8D4CC /* Main.storyboard in Resources */,
			);
			runOnlyForDeploymentPostprocessing = 0;
		};
		635CFCF3176FF00500C8D4CC /* Resources */ = {
			isa = PBXResourcesBuildPhase;
			buildActionMask = 2147483647;
			files = (
				635CFD01176FF00500C8D4CC /* InfoPlist.strings in Resources */,
			);
			runOnlyForDeploymentPostprocessing = 0;
		};
/* End PBXResourcesBuildPhase section */

/* Begin PBXSourcesBuildPhase section */
		635CFCCD176FF00500C8D4CC /* Sources */ = {
			isa = PBXSourcesBuildPhase;
			buildActionMask = 2147483647;
			files = (
				635CFCEE176FF00500C8D4CC /* SecondViewController.m in Sources */,
				635CFCE5176FF00500C8D4CC /* AppDelegate.m in Sources */,
				635CFCEB176FF00500C8D4CC /* FirstViewController.m in Sources */,
				635CFCE1176FF00500C8D4CC /* main.m in Sources */,
			);
			runOnlyForDeploymentPostprocessing = 0;
		};
		635CFCF1176FF00500C8D4CC /* Sources */ = {
			isa = PBXSourcesBuildPhase;
			buildActionMask = 2147483647;
			files = (
				635CFD03176FF00500C8D4CC /* KeylessTests.m in Sources */,
			);
			runOnlyForDeploymentPostprocessing = 0;
		};
/* End PBXSourcesBuildPhase section */

/* Begin PBXTargetDependency section */
		635CFCFB176FF00500C8D4CC /* PBXTargetDependency */ = {
			isa = PBXTargetDependency;
			target = 635CFCD0176FF00500C8D4CC /* Keyless */;
			targetProxy = 635CFCFA176FF00500C8D4CC /* PBXContainerItemProxy */;
		};
/* End PBXTargetDependency section */

/* Begin PBXVariantGroup section */
		635CFCDD176FF00500C8D4CC /* InfoPlist.strings */ = {
			isa = PBXVariantGroup;
			children = (
				635CFCDE176FF00500C8D4CC /* en */,
			);
			name = InfoPlist.strings;
			sourceTree = "<group>";
		};
		635CFCE6176FF00500C8D4CC /* Main.storyboard */ = {
			isa = PBXVariantGroup;
			children = (
				635CFCE7176FF00500C8D4CC /* Base */,
			);
			name = Main.storyboard;
			sourceTree = "<group>";
		};
		635CFCFF176FF00500C8D4CC /* InfoPlist.strings */ = {
			isa = PBXVariantGroup;
			children = (
				635CFD00176FF00500C8D4CC /* en */,
			);
			name = InfoPlist.strings;
			sourceTree = "<group>";
		};
/* End PBXVariantGroup section */

/* Begin XCBuildConfiguration section */
		635CFD04176FF00500C8D4CC /* Debug */ = {
			isa = XCBuildConfiguration;
			buildSettings = {
				ALWAYS_SEARCH_USER_PATHS = NO;
				CLANG_CXX_LANGUAGE_STANDARD = "gnu++0x";
				CLANG_CXX_LIBRARY = "libc++";
				CLANG_ENABLE_MODULES = YES;
				CLANG_ENABLE_OBJC_ARC = YES;
				CLANG_WARN_BOOL_CONVERSION = YES;
				CLANG_WARN_CONSTANT_CONVERSION = YES;
				CLANG_WARN_DIRECT_OBJC_ISA_USAGE = YES_ERROR;
				CLANG_WARN_EMPTY_BODY = YES;
				CLANG_WARN_ENUM_CONVERSION = YES;
				CLANG_WARN_INT_CONVERSION = YES;
				CLANG_WARN_OBJC_ROOT_CLASS = YES_ERROR;
				CLANG_WARN__DUPLICATE_METHOD_MATCH = YES;
				"CODE_SIGN_IDENTITY[sdk=iphoneos*]" = "iPhone Developer";
				COPY_PHASE_STRIP = NO;
				GCC_C_LANGUAGE_STANDARD = gnu99;
				GCC_DYNAMIC_NO_PIC = NO;
				GCC_OPTIMIZATION_LEVEL = 0;
				GCC_PREPROCESSOR_DEFINITIONS = (
					"DEBUG=1",
					"$(inherited)",
				);
				GCC_SYMBOLS_PRIVATE_EXTERN = NO;
				GCC_WARN_ABOUT_RETURN_TYPE = YES_ERROR;
				GCC_WARN_UNDECLARED_SELECTOR = YES;
				GCC_WARN_UNINITIALIZED_AUTOS = YES;
				GCC_WARN_UNUSED_FUNCTION = YES;
				GCC_WARN_UNUSED_VARIABLE = YES;
				IPHONEOS_DEPLOYMENT_TARGET = 7.0;
				ONLY_ACTIVE_ARCH = YES;
				SDKROOT = iphoneos;
			};
			name = Debug;
		};
		635CFD05176FF00500C8D4CC /* Release */ = {
			isa = XCBuildConfiguration;
			buildSettings = {
				ALWAYS_SEARCH_USER_PATHS = NO;
				CLANG_CXX_LANGUAGE_STANDARD = "gnu++0x";
				CLANG_CXX_LIBRARY = "libc++";
				CLANG_ENABLE_MODULES = YES;
				CLANG_ENABLE_OBJC_ARC = YES;
				CLANG_WARN_BOOL_CONVERSION = YES;
				CLANG_WARN_CONSTANT_CONVERSION = YES;
				CLANG_WARN_DIRECT_OBJC_ISA_USAGE = YES_ERROR;
				CLANG_WARN_EMPTY_BODY = YES;
				CLANG_WARN_ENUM_CONVERSION = YES;
				CLANG_WARN_INT_CONVERSION = YES;
				CLANG_WARN_OBJC_ROOT_CLASS = YES_ERROR;
				CLANG_WARN__DUPLICATE_METHOD_MATCH = YES;
				"CODE_SIGN_IDENTITY[sdk=iphoneos*]" = "iPhone Developer";
				COPY_PHASE_STRIP = YES;
				ENABLE_NS_ASSERTIONS = NO;
				GCC_C_LANGUAGE_STANDARD = gnu99;
				GCC_WARN_ABOUT_RETURN_TYPE = YES_ERROR;
				GCC_WARN_UNDECLARED_SELECTOR = YES;
				GCC_WARN_UNINITIALIZED_AUTOS = YES;
				GCC_WARN_UNUSED_FUNCTION = YES;
				GCC_WARN_UNUSED_VARIABLE = YES;
				IPHONEOS_DEPLOYMENT_TARGET = 7.0;
				SDKROOT = iphoneos;
				VALIDATE_PRODUCT = YES;
			};
			name = Release;
		};
		635CFD07176FF00500C8D4CC /* Debug */ = {
			isa = XCBuildConfiguration;
			buildSettings = {
				ASSETCATALOG_COMPILER_APPICON_NAME = AppIcon;
				ASSETCATALOG_COMPILER_LAUNCHIMAGE_NAME = LaunchImage;
				GCC_PRECOMPILE_PREFIX_HEADER = YES;
				GCC_PREFIX_HEADER = "Keyless/Keyless-Prefix.pch";
				INFOPLIST_FILE = "Keyless/Keyless-Info.plist";
				PRODUCT_NAME = "$(TARGET_NAME)";
				WRAPPER_EXTENSION = app;
			};
			name = Debug;
		};
		635CFD08176FF00500C8D4CC /* Release */ = {
			isa = XCBuildConfiguration;
			buildSettings = {
				ASSETCATALOG_COMPILER_APPICON_NAME = AppIcon;
				ASSETCATALOG_COMPILER_LAUNCHIMAGE_NAME = LaunchImage;
				GCC_PRECOMPILE_PREFIX_HEADER = YES;
				GCC_PREFIX_HEADER = "Keyless/Keyless-Prefix.pch";
				INFOPLIST_FILE = "Keyless/Keyless-Info.plist";
				PRODUCT_NAME = "$(TARGET_NAME)";
				WRAPPER_EXTENSION = app;
			};
			name = Release;
		};
		635CFD0A176FF00500C8D4CC /* Debug */ = {
			isa = XCBuildConfiguration;
			buildSettings = {
				BUNDLE_LOADER = "$(BUILT_PRODUCTS_DIR)/Keyless.app/Keyless";
				FRAMEWORK_SEARCH_PATHS = (
					"$(SDKROOT)/Developer/Library/Frameworks",
					"$(inherited)",
					"$(SYSTEM_APPS_DIR)/Xcode5-DP.app/Contents/Developer/Library/Frameworks",
				);
				GCC_PRECOMPILE_PREFIX_HEADER = YES;
				GCC_PREFIX_HEADER = "Keyless/Keyless-Prefix.pch";
				GCC_PREPROCESSOR_DEFINITIONS = (
					"DEBUG=1",
					"$(inherited)",
				);
				INFOPLIST_FILE = "KeylessTests/KeylessTests-Info.plist";
				PRODUCT_NAME = "$(TARGET_NAME)";
				TEST_HOST = "$(BUNDLE_LOADER)";
				WRAPPER_EXTENSION = xctest;
			};
			name = Debug;
		};
		635CFD0B176FF00500C8D4CC /* Release */ = {
			isa = XCBuildConfiguration;
			buildSettings = {
				BUNDLE_LOADER = "$(BUILT_PRODUCTS_DIR)/Keyless.app/Keyless";
				FRAMEWORK_SEARCH_PATHS = (
					"$(SDKROOT)/Developer/Library/Frameworks",
					"$(inherited)",
					"$(SYSTEM_APPS_DIR)/Xcode5-DP.app/Contents/Developer/Library/Frameworks",
				);
				GCC_PRECOMPILE_PREFIX_HEADER = YES;
				GCC_PREFIX_HEADER = "Keyless/Keyless-Prefix.pch";
				INFOPLIST_FILE = "KeylessTests/KeylessTests-Info.plist";
				PRODUCT_NAME = "$(TARGET_NAME)";
				TEST_HOST = "$(BUNDLE_LOADER)";
				WRAPPER_EXTENSION = xctest;
			};
			name = Release;
		};
/* End XCBuildConfiguration section */

/* Begin XCConfigurationList section */
		635CFCCC176FF00500C8D4CC /* Build configuration list for PBXProject "Keyless" */ = {
			isa = XCConfigurationList;
			buildConfigurations = (
				635CFD04176FF00500C8D4CC /* Debug */,
				635CFD05176FF00500C8D4CC /* Release */,
			);
			defaultConfigurationIsVisible = 0;
			defaultConfigurationName = Release;
		};
		635CFD06176FF00500C8D4CC /* Build configuration list for PBXNativeTarget "Keyless" */ = {
			isa = XCConfigurationList;
			buildConfigurations = (
				635CFD07176FF00500C8D4CC /* Debug */,
				635CFD08176FF00500C8D4CC /* Release */,
			);
			defaultConfigurationIsVisible = 0;
		};
		635CFD09176FF00500C8D4CC /* Build configuration list for PBXNativeTarget "KeylessTests" */ = {
			isa = XCConfigurationList;
			buildConfigurations = (
				635CFD0A176FF00500C8D4CC /* Debug */,
				635CFD0B176FF00500C8D4CC /* Release */,
			);
			defaultConfigurationIsVisible = 0;
		};
/* End XCConfigurationList section */
	};
	rootObject = 635CFCC9176FF00500C8D4CC /* Project object */;
}
